
Microsoft Visual Studio Solution File, Format Version 12.00
# Visual Studio Version 17
VisualStudioVersion = 17.8.34525.116
MinimumVisualStudioVersion = 10.0.40219.1
Project("{9A19103F-16F7-4668-BE54-9A1E7A4F7556}") = "Bank", "Bank\Bank.csproj", "{B8B1DFE7-4693-4EB1-A1F7-F0A7BBFABDAB}"
EndProject
Project("{FAE04EC0-301F-11D3-BF4B-00C04F79EFBC}") = "BankTests", "BankTests\BankTests.csproj", "{A5DACD37-E439-4F8E-91BA-A937D05175C1}"
EndProject
Global
	GlobalSection(SolutionConfigurationPlatforms) = preSolution
		Debug|Any CPU = Debug|Any CPU
		Release|Any CPU = Release|Any CPU
	EndGlobalSection
	GlobalSection(ProjectConfigurationPlatforms) = postSolution
		{B8B1DFE7-4693-4EB1-A1F7-F0A7BBFABDAB}.Debug|Any CPU.ActiveCfg = Debug|Any CPU
		{B8B1DFE7-4693-4EB1-A1F7-F0A7BBFABDAB}.Debug|Any CPU.Build.0 = Debug|Any CPU
		{B8B1DFE7-4693-4EB1-A1F7-F0A7BBFABDAB}.Release|Any CPU.ActiveCfg = Release|Any CPU
		{B8B1DFE7-4693-4EB1-A1F7-F0A7BBFABDAB}.Release|Any CPU.Build.0 = Release|Any CPU
		{A5DACD37-E439-4F8E-91BA-A937D05175C1}.Debug|Any CPU.ActiveCfg = Debug|Any CPU
		{A5DACD37-E439-4F8E-91BA-A937D05175C1}.Debug|Any CPU.Build.0 = Debug|Any CPU
		{A5DACD37-E439-4F8E-91BA-A937D05175C1}.Release|Any CPU.ActiveCfg = Release|Any CPU
		{A5DACD37-E439-4F8E-91BA-A937D05175C1}.Release|Any CPU.Build.0 = Release|Any CPU
	EndGlobalSection
	GlobalSection(SolutionProperties) = preSolution
		HideSolutionNode = FALSE
	EndGlobalSection
	GlobalSection(ExtensibilityGlobals) = postSolution
		SolutionGuid = {5A0E61C3-0EFF-425F-A75E-87B5A3776246}
	EndGlobalSection
EndGlobal
